
Microsoft Visual Studio Solution File, Format Version 12.00
# Visual Studio Version 17
VisualStudioVersion = 17.10.35201.131
MinimumVisualStudioVersion = 10.0.40219.1
Project("{8BC9CEB8-8B4A-11D0-8D11-00A0C91BC942}") = "Musulizer", "Musulizer.vcxproj", "{C2858CDD-4891-4C0C-B0AB-61ED64C5A90B}"
EndProject
Global
	GlobalSection(SolutionConfigurationPlatforms) = preSolution
		Debug|x64 = Debug|x64
		Debug|x86 = Debug|x86
		Release|x64 = Release|x64
		Release|x86 = Release|x86
	EndGlobalSection
	GlobalSection(ProjectConfigurationPlatforms) = postSolution
		{C2858CDD-4891-4C0C-B0AB-61ED64C5A90B}.Debug|x64.ActiveCfg = Debug|x64
		{C2858CDD-4891-4C0C-B0AB-61ED64C5A90B}.Debug|x64.Build.0 = Debug|x64
		{C2858CDD-4891-4C0C-B0AB-61ED64C5A90B}.Debug|x86.ActiveCfg = Debug|Win32
		{C2858CDD-4891-4C0C-B0AB-61ED64C5A90B}.Debug|x86.Build.0 = Debug|Win32
		{C2858CDD-4891-4C0C-B0AB-61ED64C5A90B}.Release|x64.ActiveCfg = Release|x64
		{C2858CDD-4891-4C0C-B0AB-61ED64C5A90B}.Release|x64.Build.0 = Release|x64
		{C2858CDD-4891-4C0C-B0AB-61ED64C5A90B}.Release|x86.ActiveCfg = Release|Win32
		{C2858CDD-4891-4C0C-B0AB-61ED64C5A90B}.Release|x86.Build.0 = Release|Win32
	EndGlobalSection
	GlobalSection(SolutionProperties) = preSolution
		HideSolutionNode = FALSE
	EndGlobalSection
	GlobalSection(ExtensibilityGlobals) = postSolution
		SolutionGuid = {08CFB472-584F-487A-B462-EF1D6C0DE55A}
	EndGlobalSection
EndGlobal
